
Microsoft Visual Studio Solution File, Format Version 12.00
# Visual Studio Version 17
VisualStudioVersion = 17.11.35327.3
MinimumVisualStudioVersion = 10.0.40219.1
Project("{FAE04EC0-301F-11D3-BF4B-00C04F79EFBC}") = "SimpleClinic", "SimpleClinic.csproj", "{C84924D8-4445-484B-A878-64697B0EAECD}"
EndProject
Project("{FAE04EC0-301F-11D3-BF4B-00C04F79EFBC}") = "ClinicDataAccess", "..\ClinicDataAccess\ClinicDataAccess.csproj", "{806E4B09-3319-47C4-B948-AA8B71794F26}"
EndProject
Project("{FAE04EC0-301F-11D3-BF4B-00C04F79EFBC}") = "ClinicBusiness", "..\ClinicBusiness\ClinicBusiness.csproj", "{3822D4DE-651A-4BED-A976-BD0CBF0A7162}"
EndProject
Global
	GlobalSection(SolutionConfigurationPlatforms) = preSolution
		Debug|Any CPU = Debug|Any CPU
		Release|Any CPU = Release|Any CPU
	EndGlobalSection
	GlobalSection(ProjectConfigurationPlatforms) = postSolution
		{C84924D8-4445-484B-A878-64697B0EAECD}.Debug|Any CPU.ActiveCfg = Debug|Any CPU
		{C84924D8-4445-484B-A878-64697B0EAECD}.Debug|Any CPU.Build.0 = Debug|Any CPU
		{C84924D8-4445-484B-A878-64697B0EAECD}.Release|Any CPU.ActiveCfg = Release|Any CPU
		{C84924D8-4445-484B-A878-64697B0EAECD}.Release|Any CPU.Build.0 = Release|Any CPU
		{806E4B09-3319-47C4-B948-AA8B71794F26}.Debug|Any CPU.ActiveCfg = Debug|Any CPU
		{806E4B09-3319-47C4-B948-AA8B71794F26}.Debug|Any CPU.Build.0 = Debug|Any CPU
		{806E4B09-3319-47C4-B948-AA8B71794F26}.Release|Any CPU.ActiveCfg = Release|Any CPU
		{806E4B09-3319-47C4-B948-AA8B71794F26}.Release|Any CPU.Build.0 = Release|Any CPU
		{3822D4DE-651A-4BED-A976-BD0CBF0A7162}.Debug|Any CPU.ActiveCfg = Debug|Any CPU
		{3822D4DE-651A-4BED-A976-BD0CBF0A7162}.Debug|Any CPU.Build.0 = Debug|Any CPU
		{3822D4DE-651A-4BED-A976-BD0CBF0A7162}.Release|Any CPU.ActiveCfg = Release|Any CPU
		{3822D4DE-651A-4BED-A976-BD0CBF0A7162}.Release|Any CPU.Build.0 = Release|Any CPU
	EndGlobalSection
	GlobalSection(SolutionProperties) = preSolution
		HideSolutionNode = FALSE
	EndGlobalSection
	GlobalSection(ExtensibilityGlobals) = postSolution
		SolutionGuid = {4B898D63-EA59-4F28-AC63-0A8A87F5DEE3}
	EndGlobalSection
EndGlobal
